
Microsoft Visual Studio Solution File, Format Version 12.00
# Visual Studio Version 16
VisualStudioVersion = 16.0.31105.61
MinimumVisualStudioVersion = 10.0.40219.1
Project("{FAE04EC0-301F-11D3-BF4B-00C04F79EFBC}") = "Ids4Server", "Ids4Server\Ids4Server.csproj", "{2478B444-CEA2-4AB2-88FE-B3653EFF4181}"
EndProject
Global
	GlobalSection(SolutionConfigurationPlatforms) = preSolution
		Debug|Any CPU = Debug|Any CPU
		Release|Any CPU = Release|Any CPU
	EndGlobalSection
	GlobalSection(ProjectConfigurationPlatforms) = postSolution
		{2478B444-CEA2-4AB2-88FE-B3653EFF4181}.Debug|Any CPU.ActiveCfg = Debug|Any CPU
		{2478B444-CEA2-4AB2-88FE-B3653EFF4181}.Debug|Any CPU.Build.0 = Debug|Any CPU
		{2478B444-CEA2-4AB2-88FE-B3653EFF4181}.Release|Any CPU.ActiveCfg = Release|Any CPU
		{2478B444-CEA2-4AB2-88FE-B3653EFF4181}.Release|Any CPU.Build.0 = Release|Any CPU
	EndGlobalSection
	GlobalSection(SolutionProperties) = preSolution
		HideSolutionNode = FALSE
	EndGlobalSection
	GlobalSection(ExtensibilityGlobals) = postSolution
		SolutionGuid = {B1B95388-131E-4467-89AF-8608EBC43B2C}
	EndGlobalSection
EndGlobal
