
Microsoft Visual Studio Solution File, Format Version 12.00
# Visual Studio 15
VisualStudioVersion = 15.0.28307.779
MinimumVisualStudioVersion = 10.0.40219.1
Project("{9A19103F-16F7-4668-BE54-9A1E7A4F7556}") = "ConsoleApp", "ConsoleApp\ConsoleApp.csproj", "{000FA2AE-10BA-4411-B335-82A1B694636F}"
EndProject
Project("{9A19103F-16F7-4668-BE54-9A1E7A4F7556}") = "Common", "Common\Common.csproj", "{A5181AEE-880F-4D38-A4C3-BAF6FE7C8A06}"
EndProject
Project("{FAE04EC0-301F-11D3-BF4B-00C04F79EFBC}") = "Model", "Model\Model.csproj", "{9B69463E-DC03-4A1C-8431-8EDD008259D5}"
EndProject
Global
	GlobalSection(SolutionConfigurationPlatforms) = preSolution
		Debug|Any CPU = Debug|Any CPU
		Release|Any CPU = Release|Any CPU
	EndGlobalSection
	GlobalSection(ProjectConfigurationPlatforms) = postSolution
		{000FA2AE-10BA-4411-B335-82A1B694636F}.Debug|Any CPU.ActiveCfg = Debug|Any CPU
		{000FA2AE-10BA-4411-B335-82A1B694636F}.Debug|Any CPU.Build.0 = Debug|Any CPU
		{000FA2AE-10BA-4411-B335-82A1B694636F}.Release|Any CPU.ActiveCfg = Release|Any CPU
		{000FA2AE-10BA-4411-B335-82A1B694636F}.Release|Any CPU.Build.0 = Release|Any CPU
		{A5181AEE-880F-4D38-A4C3-BAF6FE7C8A06}.Debug|Any CPU.ActiveCfg = Debug|Any CPU
		{A5181AEE-880F-4D38-A4C3-BAF6FE7C8A06}.Debug|Any CPU.Build.0 = Debug|Any CPU
		{A5181AEE-880F-4D38-A4C3-BAF6FE7C8A06}.Release|Any CPU.ActiveCfg = Release|Any CPU
		{A5181AEE-880F-4D38-A4C3-BAF6FE7C8A06}.Release|Any CPU.Build.0 = Release|Any CPU
		{9B69463E-DC03-4A1C-8431-8EDD008259D5}.Debug|Any CPU.ActiveCfg = Debug|Any CPU
		{9B69463E-DC03-4A1C-8431-8EDD008259D5}.Debug|Any CPU.Build.0 = Debug|Any CPU
		{9B69463E-DC03-4A1C-8431-8EDD008259D5}.Release|Any CPU.ActiveCfg = Release|Any CPU
		{9B69463E-DC03-4A1C-8431-8EDD008259D5}.Release|Any CPU.Build.0 = Release|Any CPU
	EndGlobalSection
	GlobalSection(SolutionProperties) = preSolution
		HideSolutionNode = FALSE
	EndGlobalSection
	GlobalSection(ExtensibilityGlobals) = postSolution
		SolutionGuid = {28179084-F2E3-42CD-8C66-CB78D10B5BA3}
	EndGlobalSection
EndGlobal
